{
  "name": "mock-sensors",
  "version": "1.0.0",
  "lockfileVersion": 1,
  "requires": true,
  "dependencies": {
    "ansi-regex": {
      "version": "2.1.1",
      "resolved": "https://registry.npmjs.org/ansi-regex/-/ansi-regex-2.1.1.tgz",
      "integrity": "sha1-w7M6te42DYbg5ijwRorn7yfWVN8=",
      "optional": true
    },
    "ansi-styles": {
      "version": "3.2.0",
      "resolved": "https://registry.npmjs.org/ansi-styles/-/ansi-styles-3.2.0.tgz",
      "integrity": "sha512-NnSOmMEYtVR2JVMIGTzynRkkaxtiq1xnFBcdQD/DnNCYPoEPsVJhM98BDyaoNOQIi7p4okdi3E27eN7GQbsUug==",
      "requires": {
        "color-convert": "1.9.1"
      }
    },
    "aproba": {
      "version": "1.2.0",
      "resolved": "https://registry.npmjs.org/aproba/-/aproba-1.2.0.tgz",
      "integrity": "sha512-Y9J6ZjXtoYh8RnXVCMOU/ttDmk1aBjunq9vO0ta5x85WDQiQfUF9sIPBITdbiiIVcBo03Hi3jMxigBtsddlXRw==",
      "optional": true
    },
    "are-we-there-yet": {
      "version": "1.1.4",
      "resolved": "https://registry.npmjs.org/are-we-there-yet/-/are-we-there-yet-1.1.4.tgz",
      "integrity": "sha1-u13KOCu5TwXhUZQ3PRb9O6HKEQ0=",
      "optional": true,
      "requires": {
        "delegates": "1.0.0",
        "readable-stream": "2.3.4"
      }
    },
    "argparse": {
      "version": "1.0.10",
      "resolved": "https://registry.npmjs.org/argparse/-/argparse-1.0.10.tgz",
      "integrity": "sha512-o5Roy6tNG4SL/FOkCAN6RzjiakZS25RLYFrcMttJqbdd8BWrnA+fGz57iN5Pb06pvBGvl5gQ0B48dJlslXvoTg==",
      "requires": {
        "sprintf-js": "1.0.3"
      }
    },
    "async-limiter": {
      "version": "1.0.0",
      "resolved": "https://registry.npmjs.org/async-limiter/-/async-limiter-1.0.0.tgz",
      "integrity": "sha512-jp/uFnooOiO+L211eZOoSyzpOITMXx1rBITauYykG3BRYPu8h0UcxsPNB04RR5vo4Tyz3+ay17tR6JVf9qzYWg=="
    },
    "babel-runtime": {
      "version": "6.26.0",
      "resolved": "https://registry.npmjs.org/babel-runtime/-/babel-runtime-6.26.0.tgz",
      "integrity": "sha1-llxwWGaOgrVde/4E/yM3vItWR/4=",
      "requires": {
        "core-js": "2.5.3",
        "regenerator-runtime": "0.11.1"
      }
    },
    "bindings": {
      "version": "1.3.0",
      "resolved": "https://registry.npmjs.org/bindings/-/bindings-1.3.0.tgz",
      "integrity": "sha512-DpLh5EzMR2kzvX1KIlVC0VkC3iZtHKTgdtZ0a3pglBZdaQFjt5S9g9xd1lE+YvXyfd6mtCeRnrUfOLYiTMlNSw==",
      "optional": true
    },
    "bl": {
      "version": "1.2.1",
      "resolved": "https://registry.npmjs.org/bl/-/bl-1.2.1.tgz",
      "integrity": "sha1-ysMo977kVzDUBLaSID/LWQ4XLV4=",
      "optional": true,
      "requires": {
        "readable-stream": "2.3.4"
      }
    },
    "bufferutil": {
      "version": "3.0.3",
      "resolved": "https://registry.npmjs.org/bufferutil/-/bufferutil-3.0.3.tgz",
      "integrity": "sha512-o7zTFxMkM/hujDmJKJEeK4N/NYwO3spQ7sfVjjt6Twpkpmw265WbugtpQBGY2+ZHwfqJkf++7Hfn/eWSMzbx5A==",
      "optional": true,
      "requires": {
        "bindings": "1.3.0",
        "nan": "2.7.0",
        "prebuild-install": "2.3.0"
      }
    },
    "chalk": {
      "version": "2.3.1",
      "resolved": "https://registry.npmjs.org/chalk/-/chalk-2.3.1.tgz",
      "integrity": "sha512-QUU4ofkDoMIVO7hcx1iPTISs88wsO8jA92RQIm4JAwZvFGGAV2hSAA1NX7oVj2Ej2Q6NDTcRDjPTFrMCRZoJ6g==",
      "requires": {
        "ansi-styles": "3.2.0",
        "escape-string-regexp": "1.0.5",
        "supports-color": "5.2.0"
      }
    },
    "chownr": {
      "version": "1.0.1",
      "resolved": "https://registry.npmjs.org/chownr/-/chownr-1.0.1.tgz",
      "integrity": "sha1-4qdQQqlVGQi+vSW4Uj1fl2nXkYE=",
      "optional": true
    },
    "code-point-at": {
      "version": "1.1.0",
      "resolved": "https://registry.npmjs.org/code-point-at/-/code-point-at-1.1.0.tgz",
      "integrity": "sha1-DQcLTQQ6W+ozovGkDi7bPZpMz3c=",
      "optional": true
    },
    "color-convert": {
      "version": "1.9.1",
      "resolved": "https://registry.npmjs.org/color-convert/-/color-convert-1.9.1.tgz",
      "integrity": "sha512-mjGanIiwQJskCC18rPR6OmrZ6fm2Lc7PeGFYwCmy5J34wC6F1PzdGL6xeMfmgicfYcNLGuVFA3WzXtIDCQSZxQ==",
      "requires": {
        "color-name": "1.1.3"
      }
    },
    "color-name": {
      "version": "1.1.3",
      "resolved": "https://registry.npmjs.org/color-name/-/color-name-1.1.3.tgz",
      "integrity": "sha1-p9BVi9icQveV3UIyj3QIMcpTvCU="
    },
    "component-emitter2": {
      "version": "1.3.5",
      "resolved": "https://registry.npmjs.org/component-emitter2/-/component-emitter2-1.3.5.tgz",
      "integrity": "sha1-wZKKhDlGDtNwJm71qYI2RQ16g9I="
    },
    "console-control-strings": {
      "version": "1.1.0",
      "resolved": "https://registry.npmjs.org/console-control-strings/-/console-control-strings-1.1.0.tgz",
      "integrity": "sha1-PXz0Rk22RG6mRL9LOVB/mFEAjo4=",
      "optional": true
    },
    "core-js": {
      "version": "2.5.3",
      "resolved": "https://registry.npmjs.org/core-js/-/core-js-2.5.3.tgz",
      "integrity": "sha1-isw4NFgk8W2DZbfJtCWRaOjtYD4="
    },
    "core-util-is": {
      "version": "1.0.2",
      "resolved": "https://registry.npmjs.org/core-util-is/-/core-util-is-1.0.2.tgz",
      "integrity": "sha1-tf1UIgqivFq1eqtxQMlAdUUDwac=",
      "optional": true
    },
    "date-fns": {
      "version": "1.29.0",
      "resolved": "https://registry.npmjs.org/date-fns/-/date-fns-1.29.0.tgz",
      "integrity": "sha512-lbTXWZ6M20cWH8N9S6afb0SBm6tMk+uUg6z3MqHPKE9atmsY3kJkTm8vKe93izJ2B2+q5MV990sM2CHgtAZaOw=="
    },
    "deep-extend": {
      "version": "0.4.2",
      "resolved": "https://registry.npmjs.org/deep-extend/-/deep-extend-0.4.2.tgz",
      "integrity": "sha1-SLaZwn4zS/ifEIkr5DL25MfTSn8=",
      "optional": true
    },
    "deepstream.io-client-js": {
      "version": "2.3.0",
      "resolved": "https://registry.npmjs.org/deepstream.io-client-js/-/deepstream.io-client-js-2.3.0.tgz",
      "integrity": "sha1-m+i4mpyGhiQZGqRfREhwGSzD/rc=",
      "requires": {
        "bufferutil": "3.0.3",
        "component-emitter2": "1.3.5",
        "utf-8-validate": "3.0.4",
        "ws": "3.3.3"
      }
    },
    "delegates": {
      "version": "1.0.0",
      "resolved": "https://registry.npmjs.org/delegates/-/delegates-1.0.0.tgz",
      "integrity": "sha1-hMbhWbgZBP3KWaDvRM2HDTElD5o=",
      "optional": true
    },
    "end-of-stream": {
      "version": "1.4.1",
      "resolved": "https://registry.npmjs.org/end-of-stream/-/end-of-stream-1.4.1.tgz",
      "integrity": "sha512-1MkrZNvWTKCaigbn+W15elq2BB/L22nqrSY5DKlo3X6+vclJm8Bb5djXJBmEX6fS3+zCh/F4VBK5Z2KxJt4s2Q==",
      "optional": true,
      "requires": {
        "once": "1.4.0"
      }
    },
    "escape-string-regexp": {
      "version": "1.0.5",
      "resolved": "https://registry.npmjs.org/escape-string-regexp/-/escape-string-regexp-1.0.5.tgz",
      "integrity": "sha1-G2HAViGQqN/2rjuyzwIAyhMLhtQ="
    },
    "esprima": {
      "version": "4.0.0",
      "resolved": "https://registry.npmjs.org/esprima/-/esprima-4.0.0.tgz",
      "integrity": "sha512-oftTcaMu/EGrEIu904mWteKIv8vMuOgGYo7EhVJJN00R/EED9DCua/xxHRdYnKtcECzVg7xOWhflvJMnqcFZjw=="
    },
    "expand-template": {
      "version": "1.1.0",
      "resolved": "https://registry.npmjs.org/expand-template/-/expand-template-1.1.0.tgz",
      "integrity": "sha512-kkjwkMqj0h4w/sb32ERCDxCQkREMCAgS39DscDnSwDsbxnwwM1BTZySdC3Bn1lhY7vL08n9GoO/fVTynjDgRyQ==",
      "optional": true
    },
    "gauge": {
      "version": "2.7.4",
      "resolved": "https://registry.npmjs.org/gauge/-/gauge-2.7.4.tgz",
      "integrity": "sha1-LANAXHU4w51+s3sxcCLjJfsBi/c=",
      "optional": true,
      "requires": {
        "aproba": "1.2.0",
        "console-control-strings": "1.1.0",
        "has-unicode": "2.0.1",
        "object-assign": "4.1.1",
        "signal-exit": "3.0.2",
        "string-width": "1.0.2",
        "strip-ansi": "3.0.1",
        "wide-align": "1.1.2"
      }
    },
    "github-from-package": {
      "version": "0.0.0",
      "resolved": "https://registry.npmjs.org/github-from-package/-/github-from-package-0.0.0.tgz",
      "integrity": "sha1-l/tdlr/eiXMxPyDoKI75oWf6ZM4=",
      "optional": true
    },
    "has-flag": {
      "version": "3.0.0",
      "resolved": "https://registry.npmjs.org/has-flag/-/has-flag-3.0.0.tgz",
      "integrity": "sha1-tdRU3CGZriJWmfNGfloH87lVuv0="
    },
    "has-unicode": {
      "version": "2.0.1",
      "resolved": "https://registry.npmjs.org/has-unicode/-/has-unicode-2.0.1.tgz",
      "integrity": "sha1-4Ob+aijPUROIVeCG0Wkedx3iqLk=",
      "optional": true
    },
    "inherits": {
      "version": "2.0.3",
      "resolved": "https://registry.npmjs.org/inherits/-/inherits-2.0.3.tgz",
      "integrity": "sha1-Yzwsg+PaQqUC9SRmAiSA9CCCYd4=",
      "optional": true
    },
    "ini": {
      "version": "1.3.5",
      "resolved": "https://registry.npmjs.org/ini/-/ini-1.3.5.tgz",
      "integrity": "sha512-RZY5huIKCMRWDUqZlEi72f/lmXKMvuszcMBduliQ3nnWbx9X/ZBQO7DijMEYS9EhHBb2qacRUMtC7svLwe0lcw==",
      "optional": true
    },
    "is-fullwidth-code-point": {
      "version": "1.0.0",
      "resolved": "https://registry.npmjs.org/is-fullwidth-code-point/-/is-fullwidth-code-point-1.0.0.tgz",
      "integrity": "sha1-754xOG8DGn8NZDr4L95QxFfvAMs=",
      "optional": true,
      "requires": {
        "number-is-nan": "1.0.1"
      }
    },
    "isarray": {
      "version": "1.0.0",
      "resolved": "https://registry.npmjs.org/isarray/-/isarray-1.0.0.tgz",
      "integrity": "sha1-u5NdSFgsuhaMBoNJV6VKPgcSTxE=",
      "optional": true
    },
    "itertools": {
      "version": "1.1.6",
      "resolved": "https://registry.npmjs.org/itertools/-/itertools-1.1.6.tgz",
      "integrity": "sha1-s1giJu5/1fdkW056CP3vYwPLmck=",
      "requires": {
        "babel-runtime": "6.26.0"
      }
    },
    "js-yaml": {
      "version": "3.10.0",
      "resolved": "https://registry.npmjs.org/js-yaml/-/js-yaml-3.10.0.tgz",
      "integrity": "sha512-O2v52ffjLa9VeM43J4XocZE//WT9N0IiwDa3KSHH7Tu8CtH+1qM8SIZvnsTh6v+4yFy5KUY3BHUVwjpfAWsjIA==",
      "requires": {
        "argparse": "1.0.10",
        "esprima": "4.0.0"
      }
    },
    "minimist": {
      "version": "1.2.3",
      "resolved": "https://registry.npmjs.org/minimist/-/minimist-1.2.3.tgz",
      "integrity": "sha512-+bMdgqjMN/Z77a6NlY/I3U5LlRDbnmaAk6lDveAPKwSpcPM4tKAuYsvYF8xjhOPXhOYGe/73vVLVez5PW+jqhw=="
    },
    "mkdirp": {
      "version": "0.5.1",
      "resolved": "https://registry.npmjs.org/mkdirp/-/mkdirp-0.5.1.tgz",
      "integrity": "sha1-MAV0OOrGz3+MR2fzhkjWaX11yQM=",
      "optional": true,
      "requires": {
        "minimist": "0.0.8"
      },
      "dependencies": {
        "minimist": {
          "version": "0.0.8",
          "resolved": "https://registry.npmjs.org/minimist/-/minimist-0.0.8.tgz",
          "integrity": "sha1-hX/Kv8M5fSYluCKCYuhqp6ARsF0=",
          "optional": true
        }
      }
    },
    "nan": {
      "version": "2.7.0",
      "resolved": "https://registry.npmjs.org/nan/-/nan-2.7.0.tgz",
      "integrity": "sha1-2Vv3IeyHfgjbJ27T/G63j5CDrUY=",
      "optional": true
    },
    "node-abi": {
      "version": "2.2.0",
      "resolved": "https://registry.npmjs.org/node-abi/-/node-abi-2.2.0.tgz",
      "integrity": "sha512-FqVC0WNNL8fQWQK3GYTESfwZXZKDbSIiEEIvufq7HV6Lj0IDDZRVa4CU/KTA0JVlqY9eTDSuPiC8FS9UfGVuzA==",
      "optional": true,
      "requires": {
        "semver": "5.5.0"
      }
    },
    "noop-logger": {
      "version": "0.1.1",
      "resolved": "https://registry.npmjs.org/noop-logger/-/noop-logger-0.1.1.tgz",
      "integrity": "sha1-lKKxYzxPExdVMAfYlm/Q6EG2pMI=",
      "optional": true
    },
    "npmlog": {
      "version": "4.1.2",
      "resolved": "https://registry.npmjs.org/npmlog/-/npmlog-4.1.2.tgz",
      "integrity": "sha512-2uUqazuKlTaSI/dC8AzicUck7+IrEaOnN/e0jd3Xtt1KcGpwx30v50mL7oPyr/h9bL3E4aZccVwpwP+5W9Vjkg==",
      "optional": true,
      "requires": {
        "are-we-there-yet": "1.1.4",
        "console-control-strings": "1.1.0",
        "gauge": "2.7.4",
        "set-blocking": "2.0.0"
      }
    },
    "number-is-nan": {
      "version": "1.0.1",
      "resolved": "https://registry.npmjs.org/number-is-nan/-/number-is-nan-1.0.1.tgz",
      "integrity": "sha1-CXtgK1NCKlIsGvuHkDGDNpQaAR0=",
      "optional": true
    },
    "object-assign": {
      "version": "4.1.1",
      "resolved": "https://registry.npmjs.org/object-assign/-/object-assign-4.1.1.tgz",
      "integrity": "sha1-IQmtx5ZYh8/AXLvUQsrIv7s2CGM=",
      "optional": true
    },
    "once": {
      "version": "1.4.0",
      "resolved": "https://registry.npmjs.org/once/-/once-1.4.0.tgz",
      "integrity": "sha1-WDsap3WWHUsROsF9nFC6753Xa9E=",
      "optional": true,
      "requires": {
        "wrappy": "1.0.2"
      }
    },
    "os-homedir": {
      "version": "1.0.2",
      "resolved": "https://registry.npmjs.org/os-homedir/-/os-homedir-1.0.2.tgz",
      "integrity": "sha1-/7xJiDNuDoM94MFox+8VISGqf7M=",
      "optional": true
    },
    "prebuild-install": {
      "version": "2.3.0",
      "resolved": "https://registry.npmjs.org/prebuild-install/-/prebuild-install-2.3.0.tgz",
      "integrity": "sha512-gzjq2oHB8oMbzJSsSh9MQ64zrXZGt092/uT4TLZlz2qnrPxpWqp4vYB7LZrDxnlxf5RfbCjkgDI/z0EIVuYzAw==",
      "optional": true,
      "requires": {
        "expand-template": "1.1.0",
        "github-from-package": "0.0.0",
        "minimist": "1.2.0",
        "mkdirp": "0.5.1",
        "node-abi": "2.2.0",
        "noop-logger": "0.1.1",
        "npmlog": "4.1.2",
        "os-homedir": "1.0.2",
        "pump": "1.0.3",
        "rc": "1.2.5",
        "simple-get": "1.4.3",
        "tar-fs": "1.16.0",
        "tunnel-agent": "0.6.0",
        "xtend": "4.0.1"
      },
      "dependencies": {
        "minimist": {
          "version": "1.2.0",
          "resolved": "https://registry.npmjs.org/minimist/-/minimist-1.2.0.tgz",
          "integrity": "sha1-o1AIsg9BOD7sH7kU9M1d95omQoQ=",
          "optional": true
        }
      }
    },
    "process-nextick-args": {
      "version": "2.0.0",
      "resolved": "https://registry.npmjs.org/process-nextick-args/-/process-nextick-args-2.0.0.tgz",
      "integrity": "sha512-MtEC1TqN0EU5nephaJ4rAtThHtC86dNN9qCuEhtshvpVBkAW5ZO7BASN9REnF9eoXGcRub+pFuKEpOHE+HbEMw==",
      "optional": true
    },
    "pump": {
      "version": "1.0.3",
      "resolved": "https://registry.npmjs.org/pump/-/pump-1.0.3.tgz",
      "integrity": "sha512-8k0JupWme55+9tCVE+FS5ULT3K6AbgqrGa58lTT49RpyfwwcGedHqaC5LlQNdEAumn/wFsu6aPwkuPMioy8kqw==",
      "optional": true,
      "requires": {
        "end-of-stream": "1.4.1",
        "once": "1.4.0"
      }
    },
    "rc": {
      "version": "1.2.5",
      "resolved": "https://registry.npmjs.org/rc/-/rc-1.2.5.tgz",
      "integrity": "sha1-J1zWh/bjs2zHVrqibf7oCnkDAf0=",
      "optional": true,
      "requires": {
        "deep-extend": "0.4.2",
        "ini": "1.3.5",
        "minimist": "1.2.0",
        "strip-json-comments": "2.0.1"
      },
      "dependencies": {
        "minimist": {
          "version": "1.2.0",
          "resolved": "https://registry.npmjs.org/minimist/-/minimist-1.2.0.tgz",
          "integrity": "sha1-o1AIsg9BOD7sH7kU9M1d95omQoQ=",
          "optional": true
        }
      }
    },
    "readable-stream": {
      "version": "2.3.4",
      "resolved": "https://registry.npmjs.org/readable-stream/-/readable-stream-2.3.4.tgz",
      "integrity": "sha512-vuYxeWYM+fde14+rajzqgeohAI7YoJcHE7kXDAc4Nk0EbuKnJfqtY9YtRkLo/tqkuF7MsBQRhPnPeyjYITp3ZQ==",
      "optional": true,
      "requires": {
        "core-util-is": "1.0.2",
        "inherits": "2.0.3",
        "isarray": "1.0.0",
        "process-nextick-args": "2.0.0",
        "safe-buffer": "5.1.1",
        "string_decoder": "1.0.3",
        "util-deprecate": "1.0.2"
      }
    },
    "regenerator-runtime": {
      "version": "0.11.1",
      "resolved": "https://registry.npmjs.org/regenerator-runtime/-/regenerator-runtime-0.11.1.tgz",
      "integrity": "sha512-MguG95oij0fC3QV3URf4V2SDYGJhJnJGqvIIgdECeODCT98wSWDAJ94SSuVpYQUoTcGUIL6L4yNB7j1DFFHSBg=="
    },
    "safe-buffer": {
      "version": "5.1.1",
      "resolved": "https://registry.npmjs.org/safe-buffer/-/safe-buffer-5.1.1.tgz",
      "integrity": "sha512-kKvNJn6Mm93gAczWVJg7wH+wGYWNrDHdWvpUmHyEsgCtIwwo3bqPtV4tR5tuPaUhTOo/kvhVwd8XwwOllGYkbg=="
    },
    "semver": {
      "version": "5.5.0",
      "resolved": "https://registry.npmjs.org/semver/-/semver-5.5.0.tgz",
      "integrity": "sha512-4SJ3dm0WAwWy/NVeioZh5AntkdJoWKxHxcmyP622fOkgHa4z3R0TdBJICINyaSDE6uNwVc8gZr+ZinwZAH4xIA==",
      "optional": true
    },
    "set-blocking": {
      "version": "2.0.0",
      "resolved": "https://registry.npmjs.org/set-blocking/-/set-blocking-2.0.0.tgz",
      "integrity": "sha1-BF+XgtARrppoA93TgrJDkrPYkPc=",
      "optional": true
    },
    "signal-exit": {
      "version": "3.0.2",
      "resolved": "https://registry.npmjs.org/signal-exit/-/signal-exit-3.0.2.tgz",
      "integrity": "sha1-tf3AjxKH6hF4Yo5BXiUTK3NkbG0=",
      "optional": true
    },
    "simple-get": {
      "version": "1.4.3",
      "resolved": "https://registry.npmjs.org/simple-get/-/simple-get-1.4.3.tgz",
      "integrity": "sha1-6XVe2kB+ltpAxeUVjJ6jezO+y+s=",
      "optional": true,
      "requires": {
        "once": "1.4.0",
        "unzip-response": "1.0.2",
        "xtend": "4.0.1"
      }
    },
    "sprintf-js": {
      "version": "1.0.3",
      "resolved": "https://registry.npmjs.org/sprintf-js/-/sprintf-js-1.0.3.tgz",
      "integrity": "sha1-BOaSb2YolTVPPdAVIDYzuFcpfiw="
    },
    "string-width": {
      "version": "1.0.2",
      "resolved": "https://registry.npmjs.org/string-width/-/string-width-1.0.2.tgz",
      "integrity": "sha1-EYvfW4zcUaKn5w0hHgfisLmxB9M=",
      "optional": true,
      "requires": {
        "code-point-at": "1.1.0",
        "is-fullwidth-code-point": "1.0.0",
        "strip-ansi": "3.0.1"
      }
    },
    "string_decoder": {
      "version": "1.0.3",
      "resolved": "https://registry.npmjs.org/string_decoder/-/string_decoder-1.0.3.tgz",
      "integrity": "sha512-4AH6Z5fzNNBcH+6XDMfA/BTt87skxqJlO0lAh3Dker5zThcAxG6mKz+iGu308UKoPPQ8Dcqx/4JhujzltRa+hQ==",
      "optional": true,
      "requires": {
        "safe-buffer": "5.1.1"
      }
    },
    "strip-ansi": {
      "version": "3.0.1",
      "resolved": "https://registry.npmjs.org/strip-ansi/-/strip-ansi-3.0.1.tgz",
      "integrity": "sha1-ajhfuIU9lS1f8F0Oiq+UJ43GPc8=",
      "optional": true,
      "requires": {
        "ansi-regex": "2.1.1"
      }
    },
    "strip-json-comments": {
      "version": "2.0.1",
      "resolved": "https://registry.npmjs.org/strip-json-comments/-/strip-json-comments-2.0.1.tgz",
      "integrity": "sha1-PFMZQukIwml8DsNEhYwobHygpgo=",
      "optional": true
    },
    "supports-color": {
      "version": "5.2.0",
      "resolved": "https://registry.npmjs.org/supports-color/-/supports-color-5.2.0.tgz",
      "integrity": "sha512-F39vS48la4YvTZUPVeTqsjsFNrvcMwrV3RLZINsmHo+7djCvuUzSIeXOnZ5hmjef4bajL1dNccN+tg5XAliO5Q==",
      "requires": {
        "has-flag": "3.0.0"
      }
    },
    "tar-fs": {
      "version": "1.16.0",
      "resolved": "https://registry.npmjs.org/tar-fs/-/tar-fs-1.16.0.tgz",
      "integrity": "sha512-I9rb6v7mjWLtOfCau9eH5L7sLJyU2BnxtEZRQ5Mt+eRKmf1F0ohXmT/Jc3fr52kDvjJ/HV5MH3soQfPL5bQ0Yg==",
      "optional": true,
      "requires": {
        "chownr": "1.0.1",
        "mkdirp": "0.5.1",
        "pump": "1.0.3",
        "tar-stream": "1.5.5"
      }
    },
    "tar-stream": {
      "version": "1.5.5",
      "resolved": "https://registry.npmjs.org/tar-stream/-/tar-stream-1.5.5.tgz",
      "integrity": "sha512-mQdgLPc/Vjfr3VWqWbfxW8yQNiJCbAZ+Gf6GDu1Cy0bdb33ofyiNGBtAY96jHFhDuivCwgW1H9DgTON+INiXgg==",
      "optional": true,
      "requires": {
        "bl": "1.2.1",
        "end-of-stream": "1.4.1",
        "readable-stream": "2.3.4",
        "xtend": "4.0.1"
      }
    },
    "tunnel-agent": {
      "version": "0.6.0",
      "resolved": "https://registry.npmjs.org/tunnel-agent/-/tunnel-agent-0.6.0.tgz",
      "integrity": "sha1-J6XeoGs2sEoKmWZ3SykIaPD8QP0=",
      "optional": true,
      "requires": {
        "safe-buffer": "5.1.1"
      }
    },
    "ultron": {
      "version": "1.1.1",
      "resolved": "https://registry.npmjs.org/ultron/-/ultron-1.1.1.tgz",
      "integrity": "sha512-UIEXBNeYmKptWH6z8ZnqTeS8fV74zG0/eRU9VGkpzz+LIJNs8W/zM/L+7ctCkRrgbNnnR0xxw4bKOr0cW0N0Og=="
    },
    "unzip-response": {
      "version": "1.0.2",
      "resolved": "https://registry.npmjs.org/unzip-response/-/unzip-response-1.0.2.tgz",
      "integrity": "sha1-uYTwh3/AqJwsdzzB73tbIytbBv4=",
      "optional": true
    },
    "utf-8-validate": {
      "version": "3.0.4",
      "resolved": "https://registry.npmjs.org/utf-8-validate/-/utf-8-validate-3.0.4.tgz",
      "integrity": "sha512-L/YpTFQFeE013nD++TQYFwbDdGww9pL1d5j8gena2VN3qUcyIIsSS2POsiTRub0MTuOWbd6+kHFRF6FOlcfkvw==",
      "optional": true,
      "requires": {
        "bindings": "1.3.0",
        "nan": "2.7.0",
        "prebuild-install": "2.3.0"
      }
    },
    "util-deprecate": {
      "version": "1.0.2",
      "resolved": "https://registry.npmjs.org/util-deprecate/-/util-deprecate-1.0.2.tgz",
      "integrity": "sha1-RQ1Nyfpw3nMnYvvS1KKJgUGaDM8=",
      "optional": true
    },
    "wide-align": {
      "version": "1.1.2",
      "resolved": "https://registry.npmjs.org/wide-align/-/wide-align-1.1.2.tgz",
      "integrity": "sha512-ijDLlyQ7s6x1JgCLur53osjm/UXUYD9+0PbYKrBsYisYXzCxN+HC3mYDNy/dWdmf3AwqwU3CXwDCvsNgGK1S0w==",
      "optional": true,
      "requires": {
        "string-width": "1.0.2"
      }
    },
    "wrappy": {
      "version": "1.0.2",
      "resolved": "https://registry.npmjs.org/wrappy/-/wrappy-1.0.2.tgz",
      "integrity": "sha1-tSQ9jz7BqjXxNkYFvA0QNuMKtp8=",
      "optional": true
    },
    "ws": {
      "version": "3.3.3",
      "resolved": "https://registry.npmjs.org/ws/-/ws-3.3.3.tgz",
      "integrity": "sha512-nnWLa/NwZSt4KQJu51MYlCcSQ5g7INpOrOMt4XV8j4dqTXdmlUmSHQ8/oLC069ckre0fRsgfvsKwbTdtKLCDkA==",
      "requires": {
        "async-limiter": "1.0.0",
        "safe-buffer": "5.1.1",
        "ultron": "1.1.1"
      }
    },
    "xtend": {
      "version": "4.0.1",
      "resolved": "https://registry.npmjs.org/xtend/-/xtend-4.0.1.tgz",
      "integrity": "sha1-pcbVMr5lbiPbgg77lDofBJmNY68=",
      "optional": true
    }
  }
}
